// !$*UTF8*$!
{
	archiveVersion = 1;
	classes = {
	};
	objectVersion = 50;
	objects = {

/* Begin PBXBuildFile section */
		ACB99A4622130DF40057F73C /* HomeTopNavigationStackView.swift in Sources */ = {isa = PBXBuildFile; fileRef = ACB99A4522130DF40057F73C /* HomeTopNavigationStackView.swift */; };
		ACB99A48221311DC0057F73C /* CardView.swift in Sources */ = {isa = PBXBuildFile; fileRef = ACB99A47221311DC0057F73C /* CardView.swift */; };
		ACB99A4B22139A6F0057F73C /* User.swift in Sources */ = {isa = PBXBuildFile; fileRef = ACB99A4A22139A6F0057F73C /* User.swift */; };
		ACB99A4E2213A2A90057F73C /* CardViewModel.swift in Sources */ = {isa = PBXBuildFile; fileRef = ACB99A4D2213A2A90057F73C /* CardViewModel.swift */; };
		ACB99A50221407E90057F73C /* Advertiser.swift in Sources */ = {isa = PBXBuildFile; fileRef = ACB99A4F221407E90057F73C /* Advertiser.swift */; };
		ACB99A53221445190057F73C /* LoginViewController.swift in Sources */ = {isa = PBXBuildFile; fileRef = ACB99A52221445190057F73C /* LoginViewController.swift */; };
		ACB99A582214485A0057F73C /* UIColor+Theme.swift in Sources */ = {isa = PBXBuildFile; fileRef = ACB99A572214485A0057F73C /* UIColor+Theme.swift */; };
		ACF0042922130072004F1DD4 /* AppDelegate.swift in Sources */ = {isa = PBXBuildFile; fileRef = ACF0042822130072004F1DD4 /* AppDelegate.swift */; };
		ACF0042B22130072004F1DD4 /* HomeViewController.swift in Sources */ = {isa = PBXBuildFile; fileRef = ACF0042A22130072004F1DD4 /* HomeViewController.swift */; };
		ACF004302213007A004F1DD4 /* Assets.xcassets in Resources */ = {isa = PBXBuildFile; fileRef = ACF0042F2213007A004F1DD4 /* Assets.xcassets */; };
		ACF004332213007A004F1DD4 /* LaunchScreen.storyboard in Resources */ = {isa = PBXBuildFile; fileRef = ACF004312213007A004F1DD4 /* LaunchScreen.storyboard */; };
		ACF0043B22130597004F1DD4 /* Extensions+UIView.swift in Sources */ = {isa = PBXBuildFile; fileRef = ACF0043A22130597004F1DD4 /* Extensions+UIView.swift */; };
		ACF0043D221309E1004F1DD4 /* HomeBottomControlsStackView.swift in Sources */ = {isa = PBXBuildFile; fileRef = ACF0043C221309E1004F1DD4 /* HomeBottomControlsStackView.swift */; };
/* End PBXBuildFile section */

/* Begin PBXFileReference section */
		ACB99A4522130DF40057F73C /* HomeTopNavigationStackView.swift */ = {isa = PBXFileReference; lastKnownFileType = sourcecode.swift; path = HomeTopNavigationStackView.swift; sourceTree = "<group>"; };
		ACB99A47221311DC0057F73C /* CardView.swift */ = {isa = PBXFileReference; lastKnownFileType = sourcecode.swift; path = CardView.swift; sourceTree = "<group>"; };
		ACB99A4A22139A6F0057F73C /* User.swift */ = {isa = PBXFileReference; lastKnownFileType = sourcecode.swift; path = User.swift; sourceTree = "<group>"; };
		ACB99A4D2213A2A90057F73C /* CardViewModel.swift */ = {isa = PBXFileReference; lastKnownFileType = sourcecode.swift; path = CardViewModel.swift; sourceTree = "<group>"; };
		ACB99A4F221407E90057F73C /* Advertiser.swift */ = {isa = PBXFileReference; lastKnownFileType = sourcecode.swift; path = Advertiser.swift; sourceTree = "<group>"; };
		ACB99A52221445190057F73C /* LoginViewController.swift */ = {isa = PBXFileReference; lastKnownFileType = sourcecode.swift; path = LoginViewController.swift; sourceTree = "<group>"; };
		ACB99A572214485A0057F73C /* UIColor+Theme.swift */ = {isa = PBXFileReference; lastKnownFileType = sourcecode.swift; path = "UIColor+Theme.swift"; sourceTree = "<group>"; };
		ACF0042522130071004F1DD4 /* Pitchr.app */ = {isa = PBXFileReference; explicitFileType = wrapper.application; includeInIndex = 0; path = Pitchr.app; sourceTree = BUILT_PRODUCTS_DIR; };
		ACF0042822130072004F1DD4 /* AppDelegate.swift */ = {isa = PBXFileReference; lastKnownFileType = sourcecode.swift; path = AppDelegate.swift; sourceTree = "<group>"; };
		ACF0042A22130072004F1DD4 /* HomeViewController.swift */ = {isa = PBXFileReference; lastKnownFileType = sourcecode.swift; path = HomeViewController.swift; sourceTree = "<group>"; };
		ACF0042F2213007A004F1DD4 /* Assets.xcassets */ = {isa = PBXFileReference; lastKnownFileType = folder.assetcatalog; path = Assets.xcassets; sourceTree = "<group>"; };
		ACF004322213007A004F1DD4 /* Base */ = {isa = PBXFileReference; lastKnownFileType = file.storyboard; name = Base; path = Base.lproj/LaunchScreen.storyboard; sourceTree = "<group>"; };
		ACF004342213007A004F1DD4 /* Info.plist */ = {isa = PBXFileReference; lastKnownFileType = text.plist.xml; path = Info.plist; sourceTree = "<group>"; };
		ACF0043A22130597004F1DD4 /* Extensions+UIView.swift */ = {isa = PBXFileReference; fileEncoding = 4; lastKnownFileType = sourcecode.swift; path = "Extensions+UIView.swift"; sourceTree = "<group>"; };
		ACF0043C221309E1004F1DD4 /* HomeBottomControlsStackView.swift */ = {isa = PBXFileReference; lastKnownFileType = sourcecode.swift; path = HomeBottomControlsStackView.swift; sourceTree = "<group>"; };
/* End PBXFileReference section */

/* Begin PBXFrameworksBuildPhase section */
		ACF0042222130071004F1DD4 /* Frameworks */ = {
			isa = PBXFrameworksBuildPhase;
			buildActionMask = 2147483647;
			files = (
			);
			runOnlyForDeploymentPostprocessing = 0;
		};
/* End PBXFrameworksBuildPhase section */

/* Begin PBXGroup section */
		ACB99A4922139A640057F73C /* Model */ = {
			isa = PBXGroup;
			children = (
				ACB99A4A22139A6F0057F73C /* User.swift */,
				ACB99A4F221407E90057F73C /* Advertiser.swift */,
			);
			path = Model;
			sourceTree = "<group>";
		};
		ACB99A4C2213A29D0057F73C /* ViewModels */ = {
			isa = PBXGroup;
			children = (
				ACB99A4D2213A2A90057F73C /* CardViewModel.swift */,
			);
			path = ViewModels;
			sourceTree = "<group>";
		};
		ACB99A51221444EE0057F73C /* Controllers */ = {
			isa = PBXGroup;
			children = (
				ACB99A52221445190057F73C /* LoginViewController.swift */,
				ACF0042A22130072004F1DD4 /* HomeViewController.swift */,
			);
			path = Controllers;
			sourceTree = "<group>";
		};
		ACB99A54221446480057F73C /* Extensions */ = {
			isa = PBXGroup;
			children = (
				ACF0043A22130597004F1DD4 /* Extensions+UIView.swift */,
			);
			path = Extensions;
			sourceTree = "<group>";
		};
		ACB99A55221446640057F73C /* Resources */ = {
			isa = PBXGroup;
			children = (
				ACF0042822130072004F1DD4 /* AppDelegate.swift */,
				ACF0042F2213007A004F1DD4 /* Assets.xcassets */,
				ACF004312213007A004F1DD4 /* LaunchScreen.storyboard */,
				ACF004342213007A004F1DD4 /* Info.plist */,
			);
			path = Resources;
			sourceTree = "<group>";
		};
		ACB99A562214483F0057F73C /* Helpers */ = {
			isa = PBXGroup;
			children = (
				ACB99A572214485A0057F73C /* UIColor+Theme.swift */,
			);
			path = Helpers;
			sourceTree = "<group>";
		};
		ACF0041C22130071004F1DD4 = {
			isa = PBXGroup;
			children = (
				ACF0042722130071004F1DD4 /* Pitchr */,
				ACF0042622130071004F1DD4 /* Products */,
			);
			sourceTree = "<group>";
		};
		ACF0042622130071004F1DD4 /* Products */ = {
			isa = PBXGroup;
			children = (
				ACF0042522130071004F1DD4 /* Pitchr.app */,
			);
			name = Products;
			sourceTree = "<group>";
		};
		ACF0042722130071004F1DD4 /* Pitchr */ = {
			isa = PBXGroup;
			children = (
				ACB99A4922139A640057F73C /* Model */,
				ACF0043E22130A5F004F1DD4 /* Views */,
				ACB99A4C2213A29D0057F73C /* ViewModels */,
				ACB99A51221444EE0057F73C /* Controllers */,
				ACB99A562214483F0057F73C /* Helpers */,
				ACB99A54221446480057F73C /* Extensions */,
				ACB99A55221446640057F73C /* Resources */,
			);
			path = Pitchr;
			sourceTree = "<group>";
		};
		ACF0043E22130A5F004F1DD4 /* Views */ = {
			isa = PBXGroup;
			children = (
				ACF0043C221309E1004F1DD4 /* HomeBottomControlsStackView.swift */,
				ACB99A4522130DF40057F73C /* HomeTopNavigationStackView.swift */,
				ACB99A47221311DC0057F73C /* CardView.swift */,
			);
			path = Views;
			sourceTree = "<group>";
		};
/* End PBXGroup section */

/* Begin PBXNativeTarget section */
		ACF0042422130071004F1DD4 /* Pitchr */ = {
			isa = PBXNativeTarget;
			buildConfigurationList = ACF004372213007A004F1DD4 /* Build configuration list for PBXNativeTarget "Pitchr" */;
			buildPhases = (
				ACF0042122130071004F1DD4 /* Sources */,
				ACF0042222130071004F1DD4 /* Frameworks */,
				ACF0042322130071004F1DD4 /* Resources */,
			);
			buildRules = (
			);
			dependencies = (
			);
			name = Pitchr;
			productName = Pitchr;
			productReference = ACF0042522130071004F1DD4 /* Pitchr.app */;
			productType = "com.apple.product-type.application";
		};
/* End PBXNativeTarget section */

/* Begin PBXProject section */
		ACF0041D22130071004F1DD4 /* Project object */ = {
			isa = PBXProject;
			attributes = {
				LastSwiftUpdateCheck = 1010;
				LastUpgradeCheck = 1010;
				ORGANIZATIONNAME = "Simon Elhoej Steinmejer";
				TargetAttributes = {
					ACF0042422130071004F1DD4 = {
						CreatedOnToolsVersion = 10.1;
					};
				};
			};
			buildConfigurationList = ACF0042022130071004F1DD4 /* Build configuration list for PBXProject "Pitchr" */;
			compatibilityVersion = "Xcode 9.3";
			developmentRegion = en;
			hasScannedForEncodings = 0;
			knownRegions = (
				en,
				Base,
			);
			mainGroup = ACF0041C22130071004F1DD4;
			productRefGroup = ACF0042622130071004F1DD4 /* Products */;
			projectDirPath = "";
			projectRoot = "";
			targets = (
				ACF0042422130071004F1DD4 /* Pitchr */,
			);
		};
/* End PBXProject section */

/* Begin PBXResourcesBuildPhase section */
		ACF0042322130071004F1DD4 /* Resources */ = {
			isa = PBXResourcesBuildPhase;
			buildActionMask = 2147483647;
			files = (
				ACF004332213007A004F1DD4 /* LaunchScreen.storyboard in Resources */,
				ACF004302213007A004F1DD4 /* Assets.xcassets in Resources */,
			);
			runOnlyForDeploymentPostprocessing = 0;
		};
/* End PBXResourcesBuildPhase section */

/* Begin PBXSourcesBuildPhase section */
		ACF0042122130071004F1DD4 /* Sources */ = {
			isa = PBXSourcesBuildPhase;
			buildActionMask = 2147483647;
			files = (
				ACF0042B22130072004F1DD4 /* HomeViewController.swift in Sources */,
				ACB99A582214485A0057F73C /* UIColor+Theme.swift in Sources */,
				ACF0043D221309E1004F1DD4 /* HomeBottomControlsStackView.swift in Sources */,
				ACB99A50221407E90057F73C /* Advertiser.swift in Sources */,
				ACF0042922130072004F1DD4 /* AppDelegate.swift in Sources */,
				ACF0043B22130597004F1DD4 /* Extensions+UIView.swift in Sources */,
				ACB99A4E2213A2A90057F73C /* CardViewModel.swift in Sources */,
				ACB99A48221311DC0057F73C /* CardView.swift in Sources */,
				ACB99A4622130DF40057F73C /* HomeTopNavigationStackView.swift in Sources */,
				ACB99A53221445190057F73C /* LoginViewController.swift in Sources */,
				ACB99A4B22139A6F0057F73C /* User.swift in Sources */,
			);
			runOnlyForDeploymentPostprocessing = 0;
		};
/* End PBXSourcesBuildPhase section */

/* Begin PBXVariantGroup section */
		ACF004312213007A004F1DD4 /* LaunchScreen.storyboard */ = {
			isa = PBXVariantGroup;
			children = (
				ACF004322213007A004F1DD4 /* Base */,
			);
			name = LaunchScreen.storyboard;
			sourceTree = "<group>";
		};
/* End PBXVariantGroup section */

/* Begin XCBuildConfiguration section */
		ACF004352213007A004F1DD4 /* Debug */ = {
			isa = XCBuildConfiguration;
			buildSettings = {
				ALWAYS_SEARCH_USER_PATHS = NO;
				CLANG_ANALYZER_NONNULL = YES;
				CLANG_ANALYZER_NUMBER_OBJECT_CONVERSION = YES_AGGRESSIVE;
				CLANG_CXX_LANGUAGE_STANDARD = "gnu++14";
				CLANG_CXX_LIBRARY = "libc++";
				CLANG_ENABLE_MODULES = YES;
				CLANG_ENABLE_OBJC_ARC = YES;
				CLANG_ENABLE_OBJC_WEAK = YES;
				CLANG_WARN_BLOCK_CAPTURE_AUTORELEASING = YES;
				CLANG_WARN_BOOL_CONVERSION = YES;
				CLANG_WARN_COMMA = YES;
				CLANG_WARN_CONSTANT_CONVERSION = YES;
				CLANG_WARN_DEPRECATED_OBJC_IMPLEMENTATIONS = YES;
				CLANG_WARN_DIRECT_OBJC_ISA_USAGE = YES_ERROR;
				CLANG_WARN_DOCUMENTATION_COMMENTS = YES;
				CLANG_WARN_EMPTY_BODY = YES;
				CLANG_WARN_ENUM_CONVERSION = YES;
				CLANG_WARN_INFINITE_RECURSION = YES;
				CLANG_WARN_INT_CONVERSION = YES;
				CLANG_WARN_NON_LITERAL_NULL_CONVERSION = YES;
				CLANG_WARN_OBJC_IMPLICIT_RETAIN_SELF = YES;
				CLANG_WARN_OBJC_LITERAL_CONVERSION = YES;
				CLANG_WARN_OBJC_ROOT_CLASS = YES_ERROR;
				CLANG_WARN_RANGE_LOOP_ANALYSIS = YES;
				CLANG_WARN_STRICT_PROTOTYPES = YES;
				CLANG_WARN_SUSPICIOUS_MOVE = YES;
				CLANG_WARN_UNGUARDED_AVAILABILITY = YES_AGGRESSIVE;
				CLANG_WARN_UNREACHABLE_CODE = YES;
				CLANG_WARN__DUPLICATE_METHOD_MATCH = YES;
				CODE_SIGN_IDENTITY = "iPhone Developer";
				COPY_PHASE_STRIP = NO;
				DEBUG_INFORMATION_FORMAT = dwarf;
				ENABLE_STRICT_OBJC_MSGSEND = YES;
				ENABLE_TESTABILITY = YES;
				GCC_C_LANGUAGE_STANDARD = gnu11;
				GCC_DYNAMIC_NO_PIC = NO;
				GCC_NO_COMMON_BLOCKS = YES;
				GCC_OPTIMIZATION_LEVEL = 0;
				GCC_PREPROCESSOR_DEFINITIONS = (
					"DEBUG=1",
					"$(inherited)",
				);
				GCC_WARN_64_TO_32_BIT_CONVERSION = YES;
				GCC_WARN_ABOUT_RETURN_TYPE = YES_ERROR;
				GCC_WARN_UNDECLARED_SELECTOR = YES;
				GCC_WARN_UNINITIALIZED_AUTOS = YES_AGGRESSIVE;
				GCC_WARN_UNUSED_FUNCTION = YES;
				GCC_WARN_UNUSED_VARIABLE = YES;
				IPHONEOS_DEPLOYMENT_TARGET = 12.1;
				MTL_ENABLE_DEBUG_INFO = INCLUDE_SOURCE;
				MTL_FAST_MATH = YES;
				ONLY_ACTIVE_ARCH = YES;
				SDKROOT = iphoneos;
				SWIFT_ACTIVE_COMPILATION_CONDITIONS = DEBUG;
				SWIFT_OPTIMIZATION_LEVEL = "-Onone";
			};
			name = Debug;
		};
		ACF004362213007A004F1DD4 /* Release */ = {
			isa = XCBuildConfiguration;
			buildSettings = {
				ALWAYS_SEARCH_USER_PATHS = NO;
				CLANG_ANALYZER_NONNULL = YES;
				CLANG_ANALYZER_NUMBER_OBJECT_CONVERSION = YES_AGGRESSIVE;
				CLANG_CXX_LANGUAGE_STANDARD = "gnu++14";
				CLANG_CXX_LIBRARY = "libc++";
				CLANG_ENABLE_MODULES = YES;
				CLANG_ENABLE_OBJC_ARC = YES;
				CLANG_ENABLE_OBJC_WEAK = YES;
				CLANG_WARN_BLOCK_CAPTURE_AUTORELEASING = YES;
				CLANG_WARN_BOOL_CONVERSION = YES;
				CLANG_WARN_COMMA = YES;
				CLANG_WARN_CONSTANT_CONVERSION = YES;
				CLANG_WARN_DEPRECATED_OBJC_IMPLEMENTATIONS = YES;
				CLANG_WARN_DIRECT_OBJC_ISA_USAGE = YES_ERROR;
				CLANG_WARN_DOCUMENTATION_COMMENTS = YES;
				CLANG_WARN_EMPTY_BODY = YES;
				CLANG_WARN_ENUM_CONVERSION = YES;
				CLANG_WARN_INFINITE_RECURSION = YES;
				CLANG_WARN_INT_CONVERSION = YES;
				CLANG_WARN_NON_LITERAL_NULL_CONVERSION = YES;
				CLANG_WARN_OBJC_IMPLICIT_RETAIN_SELF = YES;
				CLANG_WARN_OBJC_LITERAL_CONVERSION = YES;
				CLANG_WARN_OBJC_ROOT_CLASS = YES_ERROR;
				CLANG_WARN_RANGE_LOOP_ANALYSIS = YES;
				CLANG_WARN_STRICT_PROTOTYPES = YES;
				CLANG_WARN_SUSPICIOUS_MOVE = YES;
				CLANG_WARN_UNGUARDED_AVAILABILITY = YES_AGGRESSIVE;
				CLANG_WARN_UNREACHABLE_CODE = YES;
				CLANG_WARN__DUPLICATE_METHOD_MATCH = YES;
				CODE_SIGN_IDENTITY = "iPhone Developer";
				COPY_PHASE_STRIP = NO;
				DEBUG_INFORMATION_FORMAT = "dwarf-with-dsym";
				ENABLE_NS_ASSERTIONS = NO;
				ENABLE_STRICT_OBJC_MSGSEND = YES;
				GCC_C_LANGUAGE_STANDARD = gnu11;
				GCC_NO_COMMON_BLOCKS = YES;
				GCC_WARN_64_TO_32_BIT_CONVERSION = YES;
				GCC_WARN_ABOUT_RETURN_TYPE = YES_ERROR;
				GCC_WARN_UNDECLARED_SELECTOR = YES;
				GCC_WARN_UNINITIALIZED_AUTOS = YES_AGGRESSIVE;
				GCC_WARN_UNUSED_FUNCTION = YES;
				GCC_WARN_UNUSED_VARIABLE = YES;
				IPHONEOS_DEPLOYMENT_TARGET = 12.1;
				MTL_ENABLE_DEBUG_INFO = NO;
				MTL_FAST_MATH = YES;
				SDKROOT = iphoneos;
				SWIFT_COMPILATION_MODE = wholemodule;
				SWIFT_OPTIMIZATION_LEVEL = "-O";
				VALIDATE_PRODUCT = YES;
			};
			name = Release;
		};
		ACF004382213007A004F1DD4 /* Debug */ = {
			isa = XCBuildConfiguration;
			buildSettings = {
				ASSETCATALOG_COMPILER_APPICON_NAME = AppIcon;
				CODE_SIGN_STYLE = Automatic;
				DEVELOPMENT_TEAM = SPRLQ9JET8;
				INFOPLIST_FILE = "$(SRCROOT)/Pitchr/Resources/Info.plist";
				LD_RUNPATH_SEARCH_PATHS = (
					"$(inherited)",
					"@executable_path/Frameworks",
				);
				PRODUCT_BUNDLE_IDENTIFIER = Simon.Pitchr;
				PRODUCT_NAME = "$(TARGET_NAME)";
				SWIFT_VERSION = 4.2;
				TARGETED_DEVICE_FAMILY = "1,2";
			};
			name = Debug;
		};
		ACF004392213007A004F1DD4 /* Release */ = {
			isa = XCBuildConfiguration;
			buildSettings = {
				ASSETCATALOG_COMPILER_APPICON_NAME = AppIcon;
				CODE_SIGN_STYLE = Automatic;
				DEVELOPMENT_TEAM = SPRLQ9JET8;
				INFOPLIST_FILE = "$(SRCROOT)/Pitchr/Resources/Info.plist";
				LD_RUNPATH_SEARCH_PATHS = (
					"$(inherited)",
					"@executable_path/Frameworks",
				);
				PRODUCT_BUNDLE_IDENTIFIER = Simon.Pitchr;
				PRODUCT_NAME = "$(TARGET_NAME)";
				SWIFT_VERSION = 4.2;
				TARGETED_DEVICE_FAMILY = "1,2";
			};
			name = Release;
		};
/* End XCBuildConfiguration section */

/* Begin XCConfigurationList section */
		ACF0042022130071004F1DD4 /* Build configuration list for PBXProject "Pitchr" */ = {
			isa = XCConfigurationList;
			buildConfigurations = (
				ACF004352213007A004F1DD4 /* Debug */,
				ACF004362213007A004F1DD4 /* Release */,
			);
			defaultConfigurationIsVisible = 0;
			defaultConfigurationName = Release;
		};
		ACF004372213007A004F1DD4 /* Build configuration list for PBXNativeTarget "Pitchr" */ = {
			isa = XCConfigurationList;
			buildConfigurations = (
				ACF004382213007A004F1DD4 /* Debug */,
				ACF004392213007A004F1DD4 /* Release */,
			);
			defaultConfigurationIsVisible = 0;
			defaultConfigurationName = Release;
		};
/* End XCConfigurationList section */
	};
	rootObject = ACF0041D22130071004F1DD4 /* Project object */;
}
